
Microsoft Visual Studio Solution File, Format Version 12.00
# Visual Studio Version 17
VisualStudioVersion = 17.8.34316.72
MinimumVisualStudioVersion = 10.0.40219.1
Project("{2150E333-8FDC-42A3-9474-1A3956D46DE8}") = "Lesson9", "Lesson9", "{CE553B66-839D-48B9-8665-BF416AC3E84B}"
EndProject
Project("{9A19103F-16F7-4668-BE54-9A1E7A4F7556}") = "Lesson9Solid", "Solid\Lesson9Solid.csproj", "{766B195D-A382-46AB-B225-EC83B9DD5F0B}"
EndProject
Project("{2150E333-8FDC-42A3-9474-1A3956D46DE8}") = "Lesson13", "Lesson13", "{24452D6E-AF47-4075-8C4F-CB9581D84AC1}"
EndProject
Project("{9A19103F-16F7-4668-BE54-9A1E7A4F7556}") = "Lesson13Reflection", "Lesson13Reflection\Lesson13Reflection.csproj", "{97E074CE-5185-448A-8638-7672EFE66557}"
EndProject
Project("{2150E333-8FDC-42A3-9474-1A3956D46DE8}") = "Lesson17", "Lesson17", "{11D24584-28A2-4949-A549-AEFFC6800E23}"
EndProject
Project("{FAE04EC0-301F-11D3-BF4B-00C04F79EFBC}") = "Lesson17DelegatesAndEvents", "Lesson17DelegatesAndEvents\Lesson17DelegatesAndEvents.csproj", "{64B9BC72-2D7A-493A-9153-9CC0326084C5}"
EndProject
Global
	GlobalSection(SolutionConfigurationPlatforms) = preSolution
		Debug|Any CPU = Debug|Any CPU
		Release|Any CPU = Release|Any CPU
	EndGlobalSection
	GlobalSection(ProjectConfigurationPlatforms) = postSolution
		{766B195D-A382-46AB-B225-EC83B9DD5F0B}.Debug|Any CPU.ActiveCfg = Debug|Any CPU
		{766B195D-A382-46AB-B225-EC83B9DD5F0B}.Debug|Any CPU.Build.0 = Debug|Any CPU
		{766B195D-A382-46AB-B225-EC83B9DD5F0B}.Release|Any CPU.ActiveCfg = Release|Any CPU
		{766B195D-A382-46AB-B225-EC83B9DD5F0B}.Release|Any CPU.Build.0 = Release|Any CPU
		{97E074CE-5185-448A-8638-7672EFE66557}.Debug|Any CPU.ActiveCfg = Debug|Any CPU
		{97E074CE-5185-448A-8638-7672EFE66557}.Debug|Any CPU.Build.0 = Debug|Any CPU
		{97E074CE-5185-448A-8638-7672EFE66557}.Release|Any CPU.ActiveCfg = Release|Any CPU
		{97E074CE-5185-448A-8638-7672EFE66557}.Release|Any CPU.Build.0 = Release|Any CPU
		{64B9BC72-2D7A-493A-9153-9CC0326084C5}.Debug|Any CPU.ActiveCfg = Debug|Any CPU
		{64B9BC72-2D7A-493A-9153-9CC0326084C5}.Debug|Any CPU.Build.0 = Debug|Any CPU
		{64B9BC72-2D7A-493A-9153-9CC0326084C5}.Release|Any CPU.ActiveCfg = Release|Any CPU
		{64B9BC72-2D7A-493A-9153-9CC0326084C5}.Release|Any CPU.Build.0 = Release|Any CPU
	EndGlobalSection
	GlobalSection(SolutionProperties) = preSolution
		HideSolutionNode = FALSE
	EndGlobalSection
	GlobalSection(NestedProjects) = preSolution
		{766B195D-A382-46AB-B225-EC83B9DD5F0B} = {CE553B66-839D-48B9-8665-BF416AC3E84B}
		{97E074CE-5185-448A-8638-7672EFE66557} = {24452D6E-AF47-4075-8C4F-CB9581D84AC1}
		{64B9BC72-2D7A-493A-9153-9CC0326084C5} = {11D24584-28A2-4949-A549-AEFFC6800E23}
	EndGlobalSection
	GlobalSection(ExtensibilityGlobals) = postSolution
		SolutionGuid = {2BB77690-BF65-408A-B979-666B4A66D165}
	EndGlobalSection
EndGlobal
